// !$*UTF8*$!
{
	archiveVersion = 1;
	classes = {
	};
	objectVersion = 45;
	objects = {

/* Begin PBXBuildFile section */
		1D3623260D0F684500981E51 /* iPoloniaAppDelegate.m in Sources */ = {isa = PBXBuildFile; fileRef = 1D3623250D0F684500981E51 /* iPoloniaAppDelegate.m */; };
		1D60589B0D05DD56006BFB54 /* main.m in Sources */ = {isa = PBXBuildFile; fileRef = 29B97316FDCFA39411CA2CEA /* main.m */; };
		1D60589F0D05DD5A006BFB54 /* Foundation.framework in Frameworks */ = {isa = PBXBuildFile; fileRef = 1D30AB110D05D00D00671497 /* Foundation.framework */; };
		1DF5F4E00D08C38300B7A737 /* UIKit.framework in Frameworks */ = {isa = PBXBuildFile; fileRef = 1DF5F4DF0D08C38300B7A737 /* UIKit.framework */; };
		288765A50DF7441C002DB57D /* CoreGraphics.framework in Frameworks */ = {isa = PBXBuildFile; fileRef = 288765A40DF7441C002DB57D /* CoreGraphics.framework */; };
		2899E5220DE3E06400AC0155 /* iPoloniaViewController.xib in Resources */ = {isa = PBXBuildFile; fileRef = 2899E5210DE3E06400AC0155 /* iPoloniaViewController.xib */; };
		28AD733F0D9D9553002E5188 /* MainWindow.xib in Resources */ = {isa = PBXBuildFile; fileRef = 28AD733E0D9D9553002E5188 /* MainWindow.xib */; };
		28D7ACF80DDB3853001CB0EB /* iPoloniaViewController.m in Sources */ = {isa = PBXBuildFile; fileRef = 28D7ACF70DDB3853001CB0EB /* iPoloniaViewController.m */; };
		AC225F461327F44E004A054B /* arrow.png in Resources */ = {isa = PBXBuildFile; fileRef = AC225F421327F44E004A054B /* arrow.png */; };
		AC225F471327F44E004A054B /* back.png in Resources */ = {isa = PBXBuildFile; fileRef = AC225F431327F44E004A054B /* back.png */; };
		AC225F481327F44E004A054B /* iEnPolonia_icon.png in Resources */ = {isa = PBXBuildFile; fileRef = AC225F441327F44E004A054B /* iEnPolonia_icon.png */; };
		AC225F491327F44E004A054B /* iEnPolonia_icon@2x.png in Resources */ = {isa = PBXBuildFile; fileRef = AC225F451327F44E004A054B /* iEnPolonia_icon@2x.png */; };
		AC225F831327F520004A054B /* NSArray+Extras.m in Sources */ = {isa = PBXBuildFile; fileRef = AC225F5C1327F520004A054B /* NSArray+Extras.m */; };
		AC225F841327F520004A054B /* NSDate+InternetDateTime.m in Sources */ = {isa = PBXBuildFile; fileRef = AC225F5E1327F520004A054B /* NSDate+InternetDateTime.m */; };
		AC225F851327F520004A054B /* PullRefreshTableViewController.m in Sources */ = {isa = PBXBuildFile; fileRef = AC225F601327F520004A054B /* PullRefreshTableViewController.m */; };
		AC225F861327F520004A054B /* RSSEntry.m in Sources */ = {isa = PBXBuildFile; fileRef = AC225F621327F520004A054B /* RSSEntry.m */; };
		AC225F871327F520004A054B /* ASIAuthenticationDialog.m in Sources */ = {isa = PBXBuildFile; fileRef = AC225F661327F520004A054B /* ASIAuthenticationDialog.m */; };
		AC225F881327F520004A054B /* ASIDataCompressor.m in Sources */ = {isa = PBXBuildFile; fileRef = AC225F691327F520004A054B /* ASIDataCompressor.m */; };
		AC225F891327F520004A054B /* ASIDataDecompressor.m in Sources */ = {isa = PBXBuildFile; fileRef = AC225F6B1327F520004A054B /* ASIDataDecompressor.m */; };
		AC225F8A1327F520004A054B /* ASIDownloadCache.m in Sources */ = {isa = PBXBuildFile; fileRef = AC225F6D1327F520004A054B /* ASIDownloadCache.m */; };
		AC225F8B1327F520004A054B /* ASIFormDataRequest.m in Sources */ = {isa = PBXBuildFile; fileRef = AC225F6F1327F520004A054B /* ASIFormDataRequest.m */; };
		AC225F8C1327F520004A054B /* ASIHTTPRequest.m in Sources */ = {isa = PBXBuildFile; fileRef = AC225F711327F520004A054B /* ASIHTTPRequest.m */; };
		AC225F8D1327F520004A054B /* ASIInputStream.m in Sources */ = {isa = PBXBuildFile; fileRef = AC225F751327F520004A054B /* ASIInputStream.m */; };
		AC225F8E1327F520004A054B /* ASINetworkQueue.m in Sources */ = {isa = PBXBuildFile; fileRef = AC225F771327F520004A054B /* ASINetworkQueue.m */; };
		AC225F8F1327F520004A054B /* Reachability.m in Sources */ = {isa = PBXBuildFile; fileRef = AC225F7A1327F520004A054B /* Reachability.m */; };
		AC225F901327F520004A054B /* GDataXMLElement-Extras.m in Sources */ = {isa = PBXBuildFile; fileRef = AC225F7D1327F520004A054B /* GDataXMLElement-Extras.m */; };
		AC225F911327F520004A054B /* GDataXMLNode.m in Sources */ = {isa = PBXBuildFile; fileRef = AC225F7F1327F520004A054B /* GDataXMLNode.m */; };
		AC225F921327F520004A054B /* WebViewController.m in Sources */ = {isa = PBXBuildFile; fileRef = AC225F811327F520004A054B /* WebViewController.m */; };
		AC225F931327F520004A054B /* WebViewController.xib in Resources */ = {isa = PBXBuildFile; fileRef = AC225F821327F520004A054B /* WebViewController.xib */; };
		AC225FB21327F651004A054B /* QuartzCore.framework in Frameworks */ = {isa = PBXBuildFile; fileRef = AC225FB11327F651004A054B /* QuartzCore.framework */; };
		AC225FB41327F659004A054B /* CFNetwork.framework in Frameworks */ = {isa = PBXBuildFile; fileRef = AC225FB31327F659004A054B /* CFNetwork.framework */; };
		AC225FB61327F666004A054B /* SystemConfiguration.framework in Frameworks */ = {isa = PBXBuildFile; fileRef = AC225FB51327F666004A054B /* SystemConfiguration.framework */; };
		AC225FB81327F66F004A054B /* MobileCoreServices.framework in Frameworks */ = {isa = PBXBuildFile; fileRef = AC225FB71327F66F004A054B /* MobileCoreServices.framework */; };
		AC225FBA1327F67F004A054B /* libz.1.2.3.dylib in Frameworks */ = {isa = PBXBuildFile; fileRef = AC225FB91327F67F004A054B /* libz.1.2.3.dylib */; };
/* End PBXBuildFile section */

/* Begin PBXFileReference section */
		1D30AB110D05D00D00671497 /* Foundation.framework */ = {isa = PBXFileReference; lastKnownFileType = wrapper.framework; name = Foundation.framework; path = System/Library/Frameworks/Foundation.framework; sourceTree = SDKROOT; };
		1D3623240D0F684500981E51 /* iPoloniaAppDelegate.h */ = {isa = PBXFileReference; fileEncoding = 4; lastKnownFileType = sourcecode.c.h; path = iPoloniaAppDelegate.h; sourceTree = "<group>"; };
		1D3623250D0F684500981E51 /* iPoloniaAppDelegate.m */ = {isa = PBXFileReference; fileEncoding = 4; lastKnownFileType = sourcecode.c.objc; path = iPoloniaAppDelegate.m; sourceTree = "<group>"; };
		1D6058910D05DD3D006BFB54 /* iPolonia.app */ = {isa = PBXFileReference; explicitFileType = wrapper.application; includeInIndex = 0; path = iPolonia.app; sourceTree = BUILT_PRODUCTS_DIR; };
		1DF5F4DF0D08C38300B7A737 /* UIKit.framework */ = {isa = PBXFileReference; lastKnownFileType = wrapper.framework; name = UIKit.framework; path = System/Library/Frameworks/UIKit.framework; sourceTree = SDKROOT; };
		288765A40DF7441C002DB57D /* CoreGraphics.framework */ = {isa = PBXFileReference; lastKnownFileType = wrapper.framework; name = CoreGraphics.framework; path = System/Library/Frameworks/CoreGraphics.framework; sourceTree = SDKROOT; };
		2899E5210DE3E06400AC0155 /* iPoloniaViewController.xib */ = {isa = PBXFileReference; lastKnownFileType = file.xib; path = iPoloniaViewController.xib; sourceTree = "<group>"; };
		28AD733E0D9D9553002E5188 /* MainWindow.xib */ = {isa = PBXFileReference; lastKnownFileType = file.xib; path = MainWindow.xib; sourceTree = "<group>"; };
		28D7ACF60DDB3853001CB0EB /* iPoloniaViewController.h */ = {isa = PBXFileReference; fileEncoding = 4; lastKnownFileType = sourcecode.c.h; path = iPoloniaViewController.h; sourceTree = "<group>"; };
		28D7ACF70DDB3853001CB0EB /* iPoloniaViewController.m */ = {isa = PBXFileReference; fileEncoding = 4; lastKnownFileType = sourcecode.c.objc; path = iPoloniaViewController.m; sourceTree = "<group>"; };
		29B97316FDCFA39411CA2CEA /* main.m */ = {isa = PBXFileReference; fileEncoding = 4; lastKnownFileType = sourcecode.c.objc; path = main.m; sourceTree = "<group>"; };
		32CA4F630368D1EE00C91783 /* iPolonia_Prefix.pch */ = {isa = PBXFileReference; fileEncoding = 4; lastKnownFileType = sourcecode.c.h; path = iPolonia_Prefix.pch; sourceTree = "<group>"; };
		8D1107310486CEB800E47090 /* iPolonia-Info.plist */ = {isa = PBXFileReference; fileEncoding = 4; lastKnownFileType = text.plist.xml; path = "iPolonia-Info.plist"; plistStructureDefinitionIdentifier = "com.apple.xcode.plist.structure-definition.iphone.info-plist"; sourceTree = "<group>"; };
		AC225F421327F44E004A054B /* arrow.png */ = {isa = PBXFileReference; lastKnownFileType = image.png; path = arrow.png; sourceTree = "<group>"; };
		AC225F431327F44E004A054B /* back.png */ = {isa = PBXFileReference; lastKnownFileType = image.png; path = back.png; sourceTree = "<group>"; };
		AC225F441327F44E004A054B /* iEnPolonia_icon.png */ = {isa = PBXFileReference; lastKnownFileType = image.png; path = iEnPolonia_icon.png; sourceTree = "<group>"; };
		AC225F451327F44E004A054B /* iEnPolonia_icon@2x.png */ = {isa = PBXFileReference; lastKnownFileType = image.png; path = "iEnPolonia_icon@2x.png"; sourceTree = "<group>"; };
		AC225F5B1327F520004A054B /* NSArray+Extras.h */ = {isa = PBXFileReference; fileEncoding = 4; lastKnownFileType = sourcecode.c.h; path = "NSArray+Extras.h"; sourceTree = "<group>"; };
		AC225F5C1327F520004A054B /* NSArray+Extras.m */ = {isa = PBXFileReference; fileEncoding = 4; lastKnownFileType = sourcecode.c.objc; path = "NSArray+Extras.m"; sourceTree = "<group>"; };
		AC225F5D1327F520004A054B /* NSDate+InternetDateTime.h */ = {isa = PBXFileReference; fileEncoding = 4; lastKnownFileType = sourcecode.c.h; path = "NSDate+InternetDateTime.h"; sourceTree = "<group>"; };
		AC225F5E1327F520004A054B /* NSDate+InternetDateTime.m */ = {isa = PBXFileReference; fileEncoding = 4; lastKnownFileType = sourcecode.c.objc; path = "NSDate+InternetDateTime.m"; sourceTree = "<group>"; };
		AC225F5F1327F520004A054B /* PullRefreshTableViewController.h */ = {isa = PBXFileReference; fileEncoding = 4; lastKnownFileType = sourcecode.c.h; path = PullRefreshTableViewController.h; sourceTree = "<group>"; };
		AC225F601327F520004A054B /* PullRefreshTableViewController.m */ = {isa = PBXFileReference; fileEncoding = 4; lastKnownFileType = sourcecode.c.objc; path = PullRefreshTableViewController.m; sourceTree = "<group>"; };
		AC225F611327F520004A054B /* RSSEntry.h */ = {isa = PBXFileReference; fileEncoding = 4; lastKnownFileType = sourcecode.c.h; path = RSSEntry.h; sourceTree = "<group>"; };
		AC225F621327F520004A054B /* RSSEntry.m */ = {isa = PBXFileReference; fileEncoding = 4; lastKnownFileType = sourcecode.c.objc; path = RSSEntry.m; sourceTree = "<group>"; };
		AC225F651327F520004A054B /* ASIAuthenticationDialog.h */ = {isa = PBXFileReference; fileEncoding = 4; lastKnownFileType = sourcecode.c.h; path = ASIAuthenticationDialog.h; sourceTree = "<group>"; };
		AC225F661327F520004A054B /* ASIAuthenticationDialog.m */ = {isa = PBXFileReference; fileEncoding = 4; lastKnownFileType = sourcecode.c.objc; path = ASIAuthenticationDialog.m; sourceTree = "<group>"; };
		AC225F671327F520004A054B /* ASICacheDelegate.h */ = {isa = PBXFileReference; fileEncoding = 4; lastKnownFileType = sourcecode.c.h; path = ASICacheDelegate.h; sourceTree = "<group>"; };
		AC225F681327F520004A054B /* ASIDataCompressor.h */ = {isa = PBXFileReference; fileEncoding = 4; lastKnownFileType = sourcecode.c.h; path = ASIDataCompressor.h; sourceTree = "<group>"; };
		AC225F691327F520004A054B /* ASIDataCompressor.m */ = {isa = PBXFileReference; fileEncoding = 4; lastKnownFileType = sourcecode.c.objc; path = ASIDataCompressor.m; sourceTree = "<group>"; };
		AC225F6A1327F520004A054B /* ASIDataDecompressor.h */ = {isa = PBXFileReference; fileEncoding = 4; lastKnownFileType = sourcecode.c.h; path = ASIDataDecompressor.h; sourceTree = "<group>"; };
		AC225F6B1327F520004A054B /* ASIDataDecompressor.m */ = {isa = PBXFileReference; fileEncoding = 4; lastKnownFileType = sourcecode.c.objc; path = ASIDataDecompressor.m; sourceTree = "<group>"; };
		AC225F6C1327F520004A054B /* ASIDownloadCache.h */ = {isa = PBXFileReference; fileEncoding = 4; lastKnownFileType = sourcecode.c.h; path = ASIDownloadCache.h; sourceTree = "<group>"; };
		AC225F6D1327F520004A054B /* ASIDownloadCache.m */ = {isa = PBXFileReference; fileEncoding = 4; lastKnownFileType = sourcecode.c.objc; path = ASIDownloadCache.m; sourceTree = "<group>"; };
		AC225F6E1327F520004A054B /* ASIFormDataRequest.h */ = {isa = PBXFileReference; fileEncoding = 4; lastKnownFileType = sourcecode.c.h; path = ASIFormDataRequest.h; sourceTree = "<group>"; };
		AC225F6F1327F520004A054B /* ASIFormDataRequest.m */ = {isa = PBXFileReference; fileEncoding = 4; lastKnownFileType = sourcecode.c.objc; path = ASIFormDataRequest.m; sourceTree = "<group>"; };
		AC225F701327F520004A054B /* ASIHTTPRequest.h */ = {isa = PBXFileReference; fileEncoding = 4; lastKnownFileType = sourcecode.c.h; path = ASIHTTPRequest.h; sourceTree = "<group>"; };
		AC225F711327F520004A054B /* ASIHTTPRequest.m */ = {isa = PBXFileReference; fileEncoding = 4; lastKnownFileType = sourcecode.c.objc; path = ASIHTTPRequest.m; sourceTree = "<group>"; };
		AC225F721327F520004A054B /* ASIHTTPRequestConfig.h */ = {isa = PBXFileReference; fileEncoding = 4; lastKnownFileType = sourcecode.c.h; path = ASIHTTPRequestConfig.h; sourceTree = "<group>"; };
		AC225F731327F520004A054B /* ASIHTTPRequestDelegate.h */ = {isa = PBXFileReference; fileEncoding = 4; lastKnownFileType = sourcecode.c.h; path = ASIHTTPRequestDelegate.h; sourceTree = "<group>"; };
		AC225F741327F520004A054B /* ASIInputStream.h */ = {isa = PBXFileReference; fileEncoding = 4; lastKnownFileType = sourcecode.c.h; path = ASIInputStream.h; sourceTree = "<group>"; };
		AC225F751327F520004A054B /* ASIInputStream.m */ = {isa = PBXFileReference; fileEncoding = 4; lastKnownFileType = sourcecode.c.objc; path = ASIInputStream.m; sourceTree = "<group>"; };
		AC225F761327F520004A054B /* ASINetworkQueue.h */ = {isa = PBXFileReference; fileEncoding = 4; lastKnownFileType = sourcecode.c.h; path = ASINetworkQueue.h; sourceTree = "<group>"; };
		AC225F771327F520004A054B /* ASINetworkQueue.m */ = {isa = PBXFileReference; fileEncoding = 4; lastKnownFileType = sourcecode.c.objc; path = ASINetworkQueue.m; sourceTree = "<group>"; };
		AC225F781327F520004A054B /* ASIProgressDelegate.h */ = {isa = PBXFileReference; fileEncoding = 4; lastKnownFileType = sourcecode.c.h; path = ASIProgressDelegate.h; sourceTree = "<group>"; };
		AC225F791327F520004A054B /* Reachability.h */ = {isa = PBXFileReference; fileEncoding = 4; lastKnownFileType = sourcecode.c.h; path = Reachability.h; sourceTree = "<group>"; };
		AC225F7A1327F520004A054B /* Reachability.m */ = {isa = PBXFileReference; fileEncoding = 4; lastKnownFileType = sourcecode.c.objc; path = Reachability.m; sourceTree = "<group>"; };
		AC225F7C1327F520004A054B /* GDataXMLElement-Extras.h */ = {isa = PBXFileReference; fileEncoding = 4; lastKnownFileType = sourcecode.c.h; path = "GDataXMLElement-Extras.h"; sourceTree = "<group>"; };
		AC225F7D1327F520004A054B /* GDataXMLElement-Extras.m */ = {isa = PBXFileReference; fileEncoding = 4; lastKnownFileType = sourcecode.c.objc; path = "GDataXMLElement-Extras.m"; sourceTree = "<group>"; };
		AC225F7E1327F520004A054B /* GDataXMLNode.h */ = {isa = PBXFileReference; fileEncoding = 4; lastKnownFileType = sourcecode.c.h; path = GDataXMLNode.h; sourceTree = "<group>"; };
		AC225F7F1327F520004A054B /* GDataXMLNode.m */ = {isa = PBXFileReference; fileEncoding = 4; lastKnownFileType = sourcecode.c.objc; path = GDataXMLNode.m; sourceTree = "<group>"; };
		AC225F801327F520004A054B /* WebViewController.h */ = {isa = PBXFileReference; fileEncoding = 4; lastKnownFileType = sourcecode.c.h; path = WebViewController.h; sourceTree = "<group>"; };
		AC225F811327F520004A054B /* WebViewController.m */ = {isa = PBXFileReference; fileEncoding = 4; lastKnownFileType = sourcecode.c.objc; path = WebViewController.m; sourceTree = "<group>"; };
		AC225F821327F520004A054B /* WebViewController.xib */ = {isa = PBXFileReference; lastKnownFileType = file.xib; path = WebViewController.xib; sourceTree = "<group>"; };
		AC225FB11327F651004A054B /* QuartzCore.framework */ = {isa = PBXFileReference; lastKnownFileType = wrapper.framework; name = QuartzCore.framework; path = System/Library/Frameworks/QuartzCore.framework; sourceTree = SDKROOT; };
		AC225FB31327F659004A054B /* CFNetwork.framework */ = {isa = PBXFileReference; lastKnownFileType = wrapper.framework; name = CFNetwork.framework; path = System/Library/Frameworks/CFNetwork.framework; sourceTree = SDKROOT; };
		AC225FB51327F666004A054B /* SystemConfiguration.framework */ = {isa = PBXFileReference; lastKnownFileType = wrapper.framework; name = SystemConfiguration.framework; path = System/Library/Frameworks/SystemConfiguration.framework; sourceTree = SDKROOT; };
		AC225FB71327F66F004A054B /* MobileCoreServices.framework */ = {isa = PBXFileReference; lastKnownFileType = wrapper.framework; name = MobileCoreServices.framework; path = System/Library/Frameworks/MobileCoreServices.framework; sourceTree = SDKROOT; };
		AC225FB91327F67F004A054B /* libz.1.2.3.dylib */ = {isa = PBXFileReference; lastKnownFileType = "compiled.mach-o.dylib"; name = libz.1.2.3.dylib; path = usr/lib/libz.1.2.3.dylib; sourceTree = SDKROOT; };
/* End PBXFileReference section */

/* Begin PBXFrameworksBuildPhase section */
		1D60588F0D05DD3D006BFB54 /* Frameworks */ = {
			isa = PBXFrameworksBuildPhase;
			buildActionMask = 2147483647;
			files = (
				1D60589F0D05DD5A006BFB54 /* Foundation.framework in Frameworks */,
				1DF5F4E00D08C38300B7A737 /* UIKit.framework in Frameworks */,
				288765A50DF7441C002DB57D /* CoreGraphics.framework in Frameworks */,
				AC225FB21327F651004A054B /* QuartzCore.framework in Frameworks */,
				AC225FB41327F659004A054B /* CFNetwork.framework in Frameworks */,
				AC225FB61327F666004A054B /* SystemConfiguration.framework in Frameworks */,
				AC225FB81327F66F004A054B /* MobileCoreServices.framework in Frameworks */,
				AC225FBA1327F67F004A054B /* libz.1.2.3.dylib in Frameworks */,
			);
			runOnlyForDeploymentPostprocessing = 0;
		};
/* End PBXFrameworksBuildPhase section */

/* Begin PBXGroup section */
		080E96DDFE201D6D7F000001 /* Classes */ = {
			isa = PBXGroup;
			children = (
				AC225F5B1327F520004A054B /* NSArray+Extras.h */,
				AC225F5C1327F520004A054B /* NSArray+Extras.m */,
				AC225F5D1327F520004A054B /* NSDate+InternetDateTime.h */,
				AC225F5E1327F520004A054B /* NSDate+InternetDateTime.m */,
				AC225F5F1327F520004A054B /* PullRefreshTableViewController.h */,
				AC225F601327F520004A054B /* PullRefreshTableViewController.m */,
				AC225F611327F520004A054B /* RSSEntry.h */,
				AC225F621327F520004A054B /* RSSEntry.m */,
				AC225F631327F520004A054B /* thirdParty */,
				AC225F801327F520004A054B /* WebViewController.h */,
				AC225F811327F520004A054B /* WebViewController.m */,
				AC225F821327F520004A054B /* WebViewController.xib */,
				1D3623240D0F684500981E51 /* iPoloniaAppDelegate.h */,
				1D3623250D0F684500981E51 /* iPoloniaAppDelegate.m */,
				28D7ACF60DDB3853001CB0EB /* iPoloniaViewController.h */,
				28D7ACF70DDB3853001CB0EB /* iPoloniaViewController.m */,
			);
			path = Classes;
			sourceTree = "<group>";
		};
		19C28FACFE9D520D11CA2CBB /* Products */ = {
			isa = PBXGroup;
			children = (
				1D6058910D05DD3D006BFB54 /* iPolonia.app */,
			);
			name = Products;
			sourceTree = "<group>";
		};
		29B97314FDCFA39411CA2CEA /* CustomTemplate */ = {
			isa = PBXGroup;
			children = (
				080E96DDFE201D6D7F000001 /* Classes */,
				29B97315FDCFA39411CA2CEA /* Other Sources */,
				29B97317FDCFA39411CA2CEA /* Resources */,
				29B97323FDCFA39411CA2CEA /* Frameworks */,
				19C28FACFE9D520D11CA2CBB /* Products */,
			);
			name = CustomTemplate;
			sourceTree = "<group>";
		};
		29B97315FDCFA39411CA2CEA /* Other Sources */ = {
			isa = PBXGroup;
			children = (
				32CA4F630368D1EE00C91783 /* iPolonia_Prefix.pch */,
				29B97316FDCFA39411CA2CEA /* main.m */,
			);
			name = "Other Sources";
			sourceTree = "<group>";
		};
		29B97317FDCFA39411CA2CEA /* Resources */ = {
			isa = PBXGroup;
			children = (
				AC225F411327F44E004A054B /* Assets */,
				2899E5210DE3E06400AC0155 /* iPoloniaViewController.xib */,
				28AD733E0D9D9553002E5188 /* MainWindow.xib */,
				8D1107310486CEB800E47090 /* iPolonia-Info.plist */,
			);
			name = Resources;
			sourceTree = "<group>";
		};
		29B97323FDCFA39411CA2CEA /* Frameworks */ = {
			isa = PBXGroup;
			children = (
				1DF5F4DF0D08C38300B7A737 /* UIKit.framework */,
				1D30AB110D05D00D00671497 /* Foundation.framework */,
				288765A40DF7441C002DB57D /* CoreGraphics.framework */,
				AC225FB11327F651004A054B /* QuartzCore.framework */,
				AC225FB31327F659004A054B /* CFNetwork.framework */,
				AC225FB51327F666004A054B /* SystemConfiguration.framework */,
				AC225FB71327F66F004A054B /* MobileCoreServices.framework */,
				AC225FB91327F67F004A054B /* libz.1.2.3.dylib */,
			);
			name = Frameworks;
			sourceTree = "<group>";
		};
		AC225F411327F44E004A054B /* Assets */ = {
			isa = PBXGroup;
			children = (
				AC225F421327F44E004A054B /* arrow.png */,
				AC225F431327F44E004A054B /* back.png */,
				AC225F441327F44E004A054B /* iEnPolonia_icon.png */,
				AC225F451327F44E004A054B /* iEnPolonia_icon@2x.png */,
			);
			path = Assets;
			sourceTree = "<group>";
		};
		AC225F631327F520004A054B /* thirdParty */ = {
			isa = PBXGroup;
			children = (
				AC225F641327F520004A054B /* ASIHTTPRequest */,
				AC225F7B1327F520004A054B /* GDataXML */,
			);
			path = thirdParty;
			sourceTree = "<group>";
		};
		AC225F641327F520004A054B /* ASIHTTPRequest */ = {
			isa = PBXGroup;
			children = (
				AC225F651327F520004A054B /* ASIAuthenticationDialog.h */,
				AC225F661327F520004A054B /* ASIAuthenticationDialog.m */,
				AC225F671327F520004A054B /* ASICacheDelegate.h */,
				AC225F681327F520004A054B /* ASIDataCompressor.h */,
				AC225F691327F520004A054B /* ASIDataCompressor.m */,
				AC225F6A1327F520004A054B /* ASIDataDecompressor.h */,
				AC225F6B1327F520004A054B /* ASIDataDecompressor.m */,
				AC225F6C1327F520004A054B /* ASIDownloadCache.h */,
				AC225F6D1327F520004A054B /* ASIDownloadCache.m */,
				AC225F6E1327F520004A054B /* ASIFormDataRequest.h */,
				AC225F6F1327F520004A054B /* ASIFormDataRequest.m */,
				AC225F701327F520004A054B /* ASIHTTPRequest.h */,
				AC225F711327F520004A054B /* ASIHTTPRequest.m */,
				AC225F721327F520004A054B /* ASIHTTPRequestConfig.h */,
				AC225F731327F520004A054B /* ASIHTTPRequestDelegate.h */,
				AC225F741327F520004A054B /* ASIInputStream.h */,
				AC225F751327F520004A054B /* ASIInputStream.m */,
				AC225F761327F520004A054B /* ASINetworkQueue.h */,
				AC225F771327F520004A054B /* ASINetworkQueue.m */,
				AC225F781327F520004A054B /* ASIProgressDelegate.h */,
				AC225F791327F520004A054B /* Reachability.h */,
				AC225F7A1327F520004A054B /* Reachability.m */,
			);
			path = ASIHTTPRequest;
			sourceTree = "<group>";
		};
		AC225F7B1327F520004A054B /* GDataXML */ = {
			isa = PBXGroup;
			children = (
				AC225F7C1327F520004A054B /* GDataXMLElement-Extras.h */,
				AC225F7D1327F520004A054B /* GDataXMLElement-Extras.m */,
				AC225F7E1327F520004A054B /* GDataXMLNode.h */,
				AC225F7F1327F520004A054B /* GDataXMLNode.m */,
			);
			path = GDataXML;
			sourceTree = "<group>";
		};
/* End PBXGroup section */

/* Begin PBXNativeTarget section */
		1D6058900D05DD3D006BFB54 /* iPolonia */ = {
			isa = PBXNativeTarget;
			buildConfigurationList = 1D6058960D05DD3E006BFB54 /* Build configuration list for PBXNativeTarget "iPolonia" */;
			buildPhases = (
				1D60588D0D05DD3D006BFB54 /* Resources */,
				1D60588E0D05DD3D006BFB54 /* Sources */,
				1D60588F0D05DD3D006BFB54 /* Frameworks */,
			);
			buildRules = (
			);
			dependencies = (
			);
			name = iPolonia;
			productName = iPolonia;
			productReference = 1D6058910D05DD3D006BFB54 /* iPolonia.app */;
			productType = "com.apple.product-type.application";
		};
/* End PBXNativeTarget section */

/* Begin PBXProject section */
		29B97313FDCFA39411CA2CEA /* Project object */ = {
			isa = PBXProject;
			buildConfigurationList = C01FCF4E08A954540054247B /* Build configuration list for PBXProject "iPolonia" */;
			compatibilityVersion = "Xcode 3.1";
			developmentRegion = English;
			hasScannedForEncodings = 1;
			knownRegions = (
				English,
				Japanese,
				French,
				German,
			);
			mainGroup = 29B97314FDCFA39411CA2CEA /* CustomTemplate */;
			projectDirPath = "";
			projectRoot = "";
			targets = (
				1D6058900D05DD3D006BFB54 /* iPolonia */,
			);
		};
/* End PBXProject section */

/* Begin PBXResourcesBuildPhase section */
		1D60588D0D05DD3D006BFB54 /* Resources */ = {
			isa = PBXResourcesBuildPhase;
			buildActionMask = 2147483647;
			files = (
				28AD733F0D9D9553002E5188 /* MainWindow.xib in Resources */,
				2899E5220DE3E06400AC0155 /* iPoloniaViewController.xib in Resources */,
				AC225F461327F44E004A054B /* arrow.png in Resources */,
				AC225F471327F44E004A054B /* back.png in Resources */,
				AC225F481327F44E004A054B /* iEnPolonia_icon.png in Resources */,
				AC225F491327F44E004A054B /* iEnPolonia_icon@2x.png in Resources */,
				AC225F931327F520004A054B /* WebViewController.xib in Resources */,
			);
			runOnlyForDeploymentPostprocessing = 0;
		};
/* End PBXResourcesBuildPhase section */

/* Begin PBXSourcesBuildPhase section */
		1D60588E0D05DD3D006BFB54 /* Sources */ = {
			isa = PBXSourcesBuildPhase;
			buildActionMask = 2147483647;
			files = (
				1D60589B0D05DD56006BFB54 /* main.m in Sources */,
				1D3623260D0F684500981E51 /* iPoloniaAppDelegate.m in Sources */,
				28D7ACF80DDB3853001CB0EB /* iPoloniaViewController.m in Sources */,
				AC225F831327F520004A054B /* NSArray+Extras.m in Sources */,
				AC225F841327F520004A054B /* NSDate+InternetDateTime.m in Sources */,
				AC225F851327F520004A054B /* PullRefreshTableViewController.m in Sources */,
				AC225F861327F520004A054B /* RSSEntry.m in Sources */,
				AC225F871327F520004A054B /* ASIAuthenticationDialog.m in Sources */,
				AC225F881327F520004A054B /* ASIDataCompressor.m in Sources */,
				AC225F891327F520004A054B /* ASIDataDecompressor.m in Sources */,
				AC225F8A1327F520004A054B /* ASIDownloadCache.m in Sources */,
				AC225F8B1327F520004A054B /* ASIFormDataRequest.m in Sources */,
				AC225F8C1327F520004A054B /* ASIHTTPRequest.m in Sources */,
				AC225F8D1327F520004A054B /* ASIInputStream.m in Sources */,
				AC225F8E1327F520004A054B /* ASINetworkQueue.m in Sources */,
				AC225F8F1327F520004A054B /* Reachability.m in Sources */,
				AC225F901327F520004A054B /* GDataXMLElement-Extras.m in Sources */,
				AC225F911327F520004A054B /* GDataXMLNode.m in Sources */,
				AC225F921327F520004A054B /* WebViewController.m in Sources */,
			);
			runOnlyForDeploymentPostprocessing = 0;
		};
/* End PBXSourcesBuildPhase section */

/* Begin XCBuildConfiguration section */
		1D6058940D05DD3E006BFB54 /* Debug */ = {
			isa = XCBuildConfiguration;
			buildSettings = {
				ALWAYS_SEARCH_USER_PATHS = NO;
				COPY_PHASE_STRIP = NO;
				GCC_DYNAMIC_NO_PIC = NO;
				GCC_OPTIMIZATION_LEVEL = 0;
				GCC_PRECOMPILE_PREFIX_HEADER = YES;
				GCC_PREFIX_HEADER = iPolonia_Prefix.pch;
				INFOPLIST_FILE = "iPolonia-Info.plist";
				PRODUCT_NAME = iPolonia;
			};
			name = Debug;
		};
		1D6058950D05DD3E006BFB54 /* Release */ = {
			isa = XCBuildConfiguration;
			buildSettings = {
				ALWAYS_SEARCH_USER_PATHS = NO;
				COPY_PHASE_STRIP = YES;
				GCC_PRECOMPILE_PREFIX_HEADER = YES;
				GCC_PREFIX_HEADER = iPolonia_Prefix.pch;
				INFOPLIST_FILE = "iPolonia-Info.plist";
				PRODUCT_NAME = iPolonia;
				VALIDATE_PRODUCT = YES;
			};
			name = Release;
		};
		C01FCF4F08A954540054247B /* Debug */ = {
			isa = XCBuildConfiguration;
			buildSettings = {
				ARCHS = "$(ARCHS_STANDARD_32_BIT)";
				"CODE_SIGN_IDENTITY[sdk=iphoneos*]" = "iPhone Developer";
				GCC_C_LANGUAGE_STANDARD = c99;
				GCC_WARN_ABOUT_RETURN_TYPE = YES;
				GCC_WARN_UNUSED_VARIABLE = YES;
				HEADER_SEARCH_PATHS = /usr/include/libxml2;
				OTHER_LDFLAGS = "-lxml2";
				PREBINDING = NO;
				SDKROOT = iphoneos;
			};
			name = Debug;
		};
		C01FCF5008A954540054247B /* Release */ = {
			isa = XCBuildConfiguration;
			buildSettings = {
				ARCHS = "$(ARCHS_STANDARD_32_BIT)";
				"CODE_SIGN_IDENTITY[sdk=iphoneos*]" = "iPhone Developer";
				GCC_C_LANGUAGE_STANDARD = c99;
				GCC_WARN_ABOUT_RETURN_TYPE = YES;
				GCC_WARN_UNUSED_VARIABLE = YES;
				OTHER_CFLAGS = "-DNS_BLOCK_ASSERTIONS=1";
				PREBINDING = NO;
				SDKROOT = iphoneos;
			};
			name = Release;
		};
/* End XCBuildConfiguration section */

/* Begin XCConfigurationList section */
		1D6058960D05DD3E006BFB54 /* Build configuration list for PBXNativeTarget "iPolonia" */ = {
			isa = XCConfigurationList;
			buildConfigurations = (
				1D6058940D05DD3E006BFB54 /* Debug */,
				1D6058950D05DD3E006BFB54 /* Release */,
			);
			defaultConfigurationIsVisible = 0;
			defaultConfigurationName = Release;
		};
		C01FCF4E08A954540054247B /* Build configuration list for PBXProject "iPolonia" */ = {
			isa = XCConfigurationList;
			buildConfigurations = (
				C01FCF4F08A954540054247B /* Debug */,
				C01FCF5008A954540054247B /* Release */,
			);
			defaultConfigurationIsVisible = 0;
			defaultConfigurationName = Release;
		};
/* End XCConfigurationList section */
	};
	rootObject = 29B97313FDCFA39411CA2CEA /* Project object */;
}
